
Microsoft Visual Studio Solution File, Format Version 12.00
# Visual Studio Version 17
VisualStudioVersion = 17.5.002.0
MinimumVisualStudioVersion = 10.0.40219.1
Project("{9A19103F-16F7-4668-BE54-9A1E7A4F7556}") = "SuperAutoMachines", "SuperAutoMachines.csproj", "{A212D31B-A332-4EE1-8F51-AB9BBC0E0026}"
EndProject
Global
	GlobalSection(SolutionConfigurationPlatforms) = preSolution
		Debug|Any CPU = Debug|Any CPU
		Release|Any CPU = Release|Any CPU
	EndGlobalSection
	GlobalSection(ProjectConfigurationPlatforms) = postSolution
		{A212D31B-A332-4EE1-8F51-AB9BBC0E0026}.Debug|Any CPU.ActiveCfg = Debug|Any CPU
		{A212D31B-A332-4EE1-8F51-AB9BBC0E0026}.Debug|Any CPU.Build.0 = Debug|Any CPU
		{A212D31B-A332-4EE1-8F51-AB9BBC0E0026}.Release|Any CPU.ActiveCfg = Release|Any CPU
		{A212D31B-A332-4EE1-8F51-AB9BBC0E0026}.Release|Any CPU.Build.0 = Release|Any CPU
	EndGlobalSection
	GlobalSection(SolutionProperties) = preSolution
		HideSolutionNode = FALSE
	EndGlobalSection
	GlobalSection(ExtensibilityGlobals) = postSolution
		SolutionGuid = {B82F2308-3478-4039-85B2-97DD752AF321}
	EndGlobalSection
EndGlobal
